
Microsoft Visual Studio Solution File, Format Version 12.00
# Visual Studio Version 16
VisualStudioVersion = 16.0.31321.278
MinimumVisualStudioVersion = 10.0.40219.1
Project("{9A19103F-16F7-4668-BE54-9A1E7A4F7556}") = "K5KTool", "K5KTool.csproj", "{5CF90F1D-3532-40A1-B2AD-A3B8D47FAA6D}"
EndProject
Global
	GlobalSection(SolutionConfigurationPlatforms) = preSolution
		Debug|Any CPU = Debug|Any CPU
		Release|Any CPU = Release|Any CPU
	EndGlobalSection
	GlobalSection(ProjectConfigurationPlatforms) = postSolution
		{5CF90F1D-3532-40A1-B2AD-A3B8D47FAA6D}.Debug|Any CPU.ActiveCfg = Debug|Any CPU
		{5CF90F1D-3532-40A1-B2AD-A3B8D47FAA6D}.Debug|Any CPU.Build.0 = Debug|Any CPU
		{5CF90F1D-3532-40A1-B2AD-A3B8D47FAA6D}.Release|Any CPU.ActiveCfg = Release|Any CPU
		{5CF90F1D-3532-40A1-B2AD-A3B8D47FAA6D}.Release|Any CPU.Build.0 = Release|Any CPU
	EndGlobalSection
	GlobalSection(SolutionProperties) = preSolution
		HideSolutionNode = FALSE
	EndGlobalSection
	GlobalSection(ExtensibilityGlobals) = postSolution
		SolutionGuid = {014FAEC0-9B7F-4AB0-AF00-FB2CF899EFCE}
	EndGlobalSection
EndGlobal
