// !$*UTF8*$!
{
   archiveVersion = "1";
   objectVersion = "46";
   objects = {
      "Files::Files" = {
         isa = "PBXNativeTarget";
         buildConfigurationList = "OBJ_28";
         buildPhases = (
            "OBJ_31",
            "OBJ_33"
         );
         dependencies = (
         );
         name = "Files";
         productName = "Files";
         productReference = "Files::Files::Product";
         productType = "com.apple.product-type.framework";
      };
      "Files::Files::Product" = {
         isa = "PBXFileReference";
         path = "Files.framework";
         sourceTree = "BUILT_PRODUCTS_DIR";
      };
      "Files::SwiftPMPackageDescription" = {
         isa = "PBXNativeTarget";
         buildConfigurationList = "OBJ_35";
         buildPhases = (
            "OBJ_38"
         );
         dependencies = (
         );
         name = "FilesPackageDescription";
         productName = "FilesPackageDescription";
         productType = "com.apple.product-type.framework";
      };
      "K5KTool::K5KTool" = {
         isa = "PBXNativeTarget";
         buildConfigurationList = "OBJ_41";
         buildPhases = (
            "OBJ_44",
            "OBJ_46"
         );
         dependencies = (
            "OBJ_49",
            "OBJ_51"
         );
         name = "K5KTool";
         productName = "K5KTool";
         productReference = "K5KTool::K5KTool::Product";
         productType = "com.apple.product-type.tool";
      };
      "K5KTool::K5KTool::Product" = {
         isa = "PBXFileReference";
         path = "K5KTool";
         sourceTree = "BUILT_PRODUCTS_DIR";
      };
      "K5KTool::K5KToolCore" = {
         isa = "PBXNativeTarget";
         buildConfigurationList = "OBJ_52";
         buildPhases = (
            "OBJ_55",
            "OBJ_57"
         );
         dependencies = (
            "OBJ_59"
         );
         name = "K5KToolCore";
         productName = "K5KToolCore";
         productReference = "K5KTool::K5KToolCore::Product";
         productType = "com.apple.product-type.framework";
      };
      "K5KTool::K5KToolCore::Product" = {
         isa = "PBXFileReference";
         path = "K5KToolCore.framework";
         sourceTree = "BUILT_PRODUCTS_DIR";
      };
      "K5KTool::K5KToolPackageTests::ProductTarget" = {
         isa = "PBXAggregateTarget";
         buildConfigurationList = "OBJ_67";
         buildPhases = (
         );
         dependencies = (
            "OBJ_70"
         );
         name = "K5KToolPackageTests";
         productName = "K5KToolPackageTests";
      };
      "K5KTool::K5KToolTests" = {
         isa = "PBXNativeTarget";
         buildConfigurationList = "OBJ_72";
         buildPhases = (
            "OBJ_75",
            "OBJ_78"
         );
         dependencies = (
            "OBJ_81",
            "OBJ_82"
         );
         name = "K5KToolTests";
         productName = "K5KToolTests";
         productReference = "K5KTool::K5KToolTests::Product";
         productType = "com.apple.product-type.bundle.unit-test";
      };
      "K5KTool::K5KToolTests::Product" = {
         isa = "PBXFileReference";
         path = "K5KToolTests.xctest";
         sourceTree = "BUILT_PRODUCTS_DIR";
      };
      "K5KTool::SwiftPMPackageDescription" = {
         isa = "PBXNativeTarget";
         buildConfigurationList = "OBJ_61";
         buildPhases = (
            "OBJ_64"
         );
         dependencies = (
         );
         name = "K5KToolPackageDescription";
         productName = "K5KToolPackageDescription";
         productType = "com.apple.product-type.framework";
      };
      "OBJ_1" = {
         isa = "PBXProject";
         attributes = {
            LastUpgradeCheck = "9999";
         };
         buildConfigurationList = "OBJ_2";
         compatibilityVersion = "Xcode 3.2";
         developmentRegion = "English";
         hasScannedForEncodings = "0";
         knownRegions = (
            "en"
         );
         mainGroup = "OBJ_5";
         productRefGroup = "OBJ_22";
         projectDirPath = ".";
         targets = (
            "Files::Files",
            "Files::SwiftPMPackageDescription",
            "K5KTool::K5KTool",
            "K5KTool::K5KToolCore",
            "K5KTool::SwiftPMPackageDescription",
            "K5KTool::K5KToolPackageTests::ProductTarget",
            "K5KTool::K5KToolTests"
         );
      };
      "OBJ_10" = {
         isa = "PBXGroup";
         children = (
            "OBJ_11"
         );
         name = "K5KTool";
         path = "Sources/K5KTool";
         sourceTree = "SOURCE_ROOT";
      };
      "OBJ_11" = {
         isa = "PBXFileReference";
         path = "main.swift";
         sourceTree = "<group>";
      };
      "OBJ_12" = {
         isa = "PBXGroup";
         children = (
            "OBJ_13"
         );
         name = "Tests";
         path = "";
         sourceTree = "SOURCE_ROOT";
      };
      "OBJ_13" = {
         isa = "PBXGroup";
         children = (
            "OBJ_14",
            "OBJ_15"
         );
         name = "K5KToolTests";
         path = "Tests/K5KToolTests";
         sourceTree = "SOURCE_ROOT";
      };
      "OBJ_14" = {
         isa = "PBXFileReference";
         path = "K5KToolTests.swift";
         sourceTree = "<group>";
      };
      "OBJ_15" = {
         isa = "PBXFileReference";
         path = "XCTestManifests.swift";
         sourceTree = "<group>";
      };
      "OBJ_16" = {
         isa = "PBXFileReference";
         path = "__pycache__";
         sourceTree = "SOURCE_ROOT";
      };
      "OBJ_17" = {
         isa = "PBXFileReference";
         path = "venv";
         sourceTree = "SOURCE_ROOT";
      };
      "OBJ_18" = {
         isa = "PBXGroup";
         children = (
            "OBJ_19"
         );
         name = "Dependencies";
         path = "";
         sourceTree = "<group>";
      };
      "OBJ_19" = {
         isa = "PBXGroup";
         children = (
            "OBJ_20",
            "OBJ_21"
         );
         name = "Files 1.12.0";
         path = ".build/checkouts/files.git-5823493370756034433/Sources";
         sourceTree = "SOURCE_ROOT";
      };
      "OBJ_2" = {
         isa = "XCConfigurationList";
         buildConfigurations = (
            "OBJ_3",
            "OBJ_4"
         );
         defaultConfigurationIsVisible = "0";
         defaultConfigurationName = "Release";
      };
      "OBJ_20" = {
         isa = "PBXFileReference";
         explicitFileType = "sourcecode.swift";
         name = "Package.swift";
         path = "/Users/Jere/Projects/K5KTool/.build/checkouts/files.git-5823493370756034433/Package.swift";
         sourceTree = "<group>";
      };
      "OBJ_21" = {
         isa = "PBXFileReference";
         path = "Files.swift";
         sourceTree = "<group>";
      };
      "OBJ_22" = {
         isa = "PBXGroup";
         children = (
            "K5KTool::K5KToolTests::Product",
            "Files::Files::Product",
            "K5KTool::K5KTool::Product",
            "K5KTool::K5KToolCore::Product"
         );
         name = "Products";
         path = "";
         sourceTree = "BUILT_PRODUCTS_DIR";
      };
      "OBJ_28" = {
         isa = "XCConfigurationList";
         buildConfigurations = (
            "OBJ_29",
            "OBJ_30"
         );
         defaultConfigurationIsVisible = "0";
         defaultConfigurationName = "Release";
      };
      "OBJ_29" = {
         isa = "XCBuildConfiguration";
         buildSettings = {
            ENABLE_TESTABILITY = "YES";
            FRAMEWORK_SEARCH_PATHS = (
               "$(inherited)",
               "$(PLATFORM_DIR)/Developer/Library/Frameworks"
            );
            HEADER_SEARCH_PATHS = (
               "$(inherited)"
            );
            INFOPLIST_FILE = "K5KTool.xcodeproj/Files_Info.plist";
            LD_RUNPATH_SEARCH_PATHS = (
               "$(inherited)",
               "$(TOOLCHAIN_DIR)/usr/lib/swift/macosx"
            );
            OTHER_CFLAGS = (
               "$(inherited)"
            );
            OTHER_LDFLAGS = (
               "$(inherited)"
            );
            OTHER_SWIFT_FLAGS = (
               "$(inherited)"
            );
            PRODUCT_BUNDLE_IDENTIFIER = "Files";
            PRODUCT_MODULE_NAME = "$(TARGET_NAME:c99extidentifier)";
            PRODUCT_NAME = "$(TARGET_NAME:c99extidentifier)";
            SKIP_INSTALL = "YES";
            SWIFT_ACTIVE_COMPILATION_CONDITIONS = (
               "$(inherited)"
            );
            SWIFT_VERSION = "3.0";
            TARGET_NAME = "Files";
         };
         name = "Debug";
      };
      "OBJ_3" = {
         isa = "XCBuildConfiguration";
         buildSettings = {
            CLANG_ENABLE_OBJC_ARC = "YES";
            COMBINE_HIDPI_IMAGES = "YES";
            COPY_PHASE_STRIP = "NO";
            DEBUG_INFORMATION_FORMAT = "dwarf";
            DYLIB_INSTALL_NAME_BASE = "@rpath";
            ENABLE_NS_ASSERTIONS = "YES";
            GCC_OPTIMIZATION_LEVEL = "0";
            GCC_PREPROCESSOR_DEFINITIONS = (
               "DEBUG=1",
               "$(inherited)"
            );
            MACOSX_DEPLOYMENT_TARGET = "10.10";
            ONLY_ACTIVE_ARCH = "YES";
            OTHER_SWIFT_FLAGS = (
               "-DXcode"
            );
            PRODUCT_NAME = "$(TARGET_NAME)";
            SDKROOT = "macosx";
            SUPPORTED_PLATFORMS = (
               "macosx",
               "iphoneos",
               "iphonesimulator",
               "appletvos",
               "appletvsimulator",
               "watchos",
               "watchsimulator"
            );
            SWIFT_ACTIVE_COMPILATION_CONDITIONS = (
               "SWIFT_PACKAGE",
               "DEBUG"
            );
            SWIFT_OPTIMIZATION_LEVEL = "-Onone";
            USE_HEADERMAP = "NO";
         };
         name = "Debug";
      };
      "OBJ_30" = {
         isa = "XCBuildConfiguration";
         buildSettings = {
            ENABLE_TESTABILITY = "YES";
            FRAMEWORK_SEARCH_PATHS = (
               "$(inherited)",
               "$(PLATFORM_DIR)/Developer/Library/Frameworks"
            );
            HEADER_SEARCH_PATHS = (
               "$(inherited)"
            );
            INFOPLIST_FILE = "K5KTool.xcodeproj/Files_Info.plist";
            LD_RUNPATH_SEARCH_PATHS = (
               "$(inherited)",
               "$(TOOLCHAIN_DIR)/usr/lib/swift/macosx"
            );
            OTHER_CFLAGS = (
               "$(inherited)"
            );
            OTHER_LDFLAGS = (
               "$(inherited)"
            );
            OTHER_SWIFT_FLAGS = (
               "$(inherited)"
            );
            PRODUCT_BUNDLE_IDENTIFIER = "Files";
            PRODUCT_MODULE_NAME = "$(TARGET_NAME:c99extidentifier)";
            PRODUCT_NAME = "$(TARGET_NAME:c99extidentifier)";
            SKIP_INSTALL = "YES";
            SWIFT_ACTIVE_COMPILATION_CONDITIONS = (
               "$(inherited)"
            );
            SWIFT_VERSION = "3.0";
            TARGET_NAME = "Files";
         };
         name = "Release";
      };
      "OBJ_31" = {
         isa = "PBXSourcesBuildPhase";
         files = (
            "OBJ_32"
         );
      };
      "OBJ_32" = {
         isa = "PBXBuildFile";
         fileRef = "OBJ_21";
      };
      "OBJ_33" = {
         isa = "PBXFrameworksBuildPhase";
         files = (
         );
      };
      "OBJ_35" = {
         isa = "XCConfigurationList";
         buildConfigurations = (
            "OBJ_36",
            "OBJ_37"
         );
         defaultConfigurationIsVisible = "0";
         defaultConfigurationName = "Release";
      };
      "OBJ_36" = {
         isa = "XCBuildConfiguration";
         buildSettings = {
            LD = "/usr/bin/true";
            OTHER_SWIFT_FLAGS = (
               "-swift-version",
               "3",
               "-I",
               "$(TOOLCHAIN_DIR)/usr/lib/swift/pm/3",
               "-target",
               "x86_64-apple-macosx10.10",
               "-sdk",
               "/Applications/Xcode.app/Contents/Developer/Platforms/MacOSX.platform/Developer/SDKs/MacOSX10.14.sdk"
            );
            SWIFT_VERSION = "3.0";
         };
         name = "Debug";
      };
      "OBJ_37" = {
         isa = "XCBuildConfiguration";
         buildSettings = {
            LD = "/usr/bin/true";
            OTHER_SWIFT_FLAGS = (
               "-swift-version",
               "3",
               "-I",
               "$(TOOLCHAIN_DIR)/usr/lib/swift/pm/3",
               "-target",
               "x86_64-apple-macosx10.10",
               "-sdk",
               "/Applications/Xcode.app/Contents/Developer/Platforms/MacOSX.platform/Developer/SDKs/MacOSX10.14.sdk"
            );
            SWIFT_VERSION = "3.0";
         };
         name = "Release";
      };
      "OBJ_38" = {
         isa = "PBXSourcesBuildPhase";
         files = (
            "OBJ_39"
         );
      };
      "OBJ_39" = {
         isa = "PBXBuildFile";
         fileRef = "OBJ_20";
      };
      "OBJ_4" = {
         isa = "XCBuildConfiguration";
         buildSettings = {
            CLANG_ENABLE_OBJC_ARC = "YES";
            COMBINE_HIDPI_IMAGES = "YES";
            COPY_PHASE_STRIP = "YES";
            DEBUG_INFORMATION_FORMAT = "dwarf-with-dsym";
            DYLIB_INSTALL_NAME_BASE = "@rpath";
            GCC_OPTIMIZATION_LEVEL = "s";
            MACOSX_DEPLOYMENT_TARGET = "10.10";
            OTHER_SWIFT_FLAGS = (
               "-DXcode"
            );
            PRODUCT_NAME = "$(TARGET_NAME)";
            SDKROOT = "macosx";
            SUPPORTED_PLATFORMS = (
               "macosx",
               "iphoneos",
               "iphonesimulator",
               "appletvos",
               "appletvsimulator",
               "watchos",
               "watchsimulator"
            );
            SWIFT_ACTIVE_COMPILATION_CONDITIONS = (
               "SWIFT_PACKAGE"
            );
            SWIFT_OPTIMIZATION_LEVEL = "-Owholemodule";
            USE_HEADERMAP = "NO";
         };
         name = "Release";
      };
      "OBJ_41" = {
         isa = "XCConfigurationList";
         buildConfigurations = (
            "OBJ_42",
            "OBJ_43"
         );
         defaultConfigurationIsVisible = "0";
         defaultConfigurationName = "Release";
      };
      "OBJ_42" = {
         isa = "XCBuildConfiguration";
         buildSettings = {
            FRAMEWORK_SEARCH_PATHS = (
               "$(inherited)",
               "$(PLATFORM_DIR)/Developer/Library/Frameworks"
            );
            HEADER_SEARCH_PATHS = (
               "$(inherited)"
            );
            INFOPLIST_FILE = "K5KTool.xcodeproj/K5KTool_Info.plist";
            LD_RUNPATH_SEARCH_PATHS = (
               "$(inherited)",
               "$(TOOLCHAIN_DIR)/usr/lib/swift/macosx",
               "@executable_path"
            );
            OTHER_CFLAGS = (
               "$(inherited)"
            );
            OTHER_LDFLAGS = (
               "$(inherited)"
            );
            OTHER_SWIFT_FLAGS = (
               "$(inherited)"
            );
            SWIFT_ACTIVE_COMPILATION_CONDITIONS = (
               "$(inherited)"
            );
            SWIFT_FORCE_DYNAMIC_LINK_STDLIB = "YES";
            SWIFT_FORCE_STATIC_LINK_STDLIB = "NO";
            SWIFT_VERSION = "4.2";
            TARGET_NAME = "K5KTool";
         };
         name = "Debug";
      };
      "OBJ_43" = {
         isa = "XCBuildConfiguration";
         buildSettings = {
            FRAMEWORK_SEARCH_PATHS = (
               "$(inherited)",
               "$(PLATFORM_DIR)/Developer/Library/Frameworks"
            );
            HEADER_SEARCH_PATHS = (
               "$(inherited)"
            );
            INFOPLIST_FILE = "K5KTool.xcodeproj/K5KTool_Info.plist";
            LD_RUNPATH_SEARCH_PATHS = (
               "$(inherited)",
               "$(TOOLCHAIN_DIR)/usr/lib/swift/macosx",
               "@executable_path"
            );
            OTHER_CFLAGS = (
               "$(inherited)"
            );
            OTHER_LDFLAGS = (
               "$(inherited)"
            );
            OTHER_SWIFT_FLAGS = (
               "$(inherited)"
            );
            SWIFT_ACTIVE_COMPILATION_CONDITIONS = (
               "$(inherited)"
            );
            SWIFT_FORCE_DYNAMIC_LINK_STDLIB = "YES";
            SWIFT_FORCE_STATIC_LINK_STDLIB = "NO";
            SWIFT_VERSION = "4.2";
            TARGET_NAME = "K5KTool";
         };
         name = "Release";
      };
      "OBJ_44" = {
         isa = "PBXSourcesBuildPhase";
         files = (
            "OBJ_45"
         );
      };
      "OBJ_45" = {
         isa = "PBXBuildFile";
         fileRef = "OBJ_11";
      };
      "OBJ_46" = {
         isa = "PBXFrameworksBuildPhase";
         files = (
            "OBJ_47",
            "OBJ_48"
         );
      };
      "OBJ_47" = {
         isa = "PBXBuildFile";
         fileRef = "K5KTool::K5KToolCore::Product";
      };
      "OBJ_48" = {
         isa = "PBXBuildFile";
         fileRef = "Files::Files::Product";
      };
      "OBJ_49" = {
         isa = "PBXTargetDependency";
         target = "K5KTool::K5KToolCore";
      };
      "OBJ_5" = {
         isa = "PBXGroup";
         children = (
            "OBJ_6",
            "OBJ_7",
            "OBJ_12",
            "OBJ_16",
            "OBJ_17",
            "OBJ_18",
            "OBJ_22"
         );
         path = "";
         sourceTree = "<group>";
      };
      "OBJ_51" = {
         isa = "PBXTargetDependency";
         target = "Files::Files";
      };
      "OBJ_52" = {
         isa = "XCConfigurationList";
         buildConfigurations = (
            "OBJ_53",
            "OBJ_54"
         );
         defaultConfigurationIsVisible = "0";
         defaultConfigurationName = "Release";
      };
      "OBJ_53" = {
         isa = "XCBuildConfiguration";
         buildSettings = {
            ENABLE_TESTABILITY = "YES";
            FRAMEWORK_SEARCH_PATHS = (
               "$(inherited)",
               "$(PLATFORM_DIR)/Developer/Library/Frameworks"
            );
            HEADER_SEARCH_PATHS = (
               "$(inherited)"
            );
            INFOPLIST_FILE = "K5KTool.xcodeproj/K5KToolCore_Info.plist";
            LD_RUNPATH_SEARCH_PATHS = (
               "$(inherited)",
               "$(TOOLCHAIN_DIR)/usr/lib/swift/macosx"
            );
            OTHER_CFLAGS = (
               "$(inherited)"
            );
            OTHER_LDFLAGS = (
               "$(inherited)"
            );
            OTHER_SWIFT_FLAGS = (
               "$(inherited)"
            );
            PRODUCT_BUNDLE_IDENTIFIER = "K5KToolCore";
            PRODUCT_MODULE_NAME = "$(TARGET_NAME:c99extidentifier)";
            PRODUCT_NAME = "$(TARGET_NAME:c99extidentifier)";
            SKIP_INSTALL = "YES";
            SWIFT_ACTIVE_COMPILATION_CONDITIONS = (
               "$(inherited)"
            );
            SWIFT_VERSION = "4.2";
            TARGET_NAME = "K5KToolCore";
         };
         name = "Debug";
      };
      "OBJ_54" = {
         isa = "XCBuildConfiguration";
         buildSettings = {
            ENABLE_TESTABILITY = "YES";
            FRAMEWORK_SEARCH_PATHS = (
               "$(inherited)",
               "$(PLATFORM_DIR)/Developer/Library/Frameworks"
            );
            HEADER_SEARCH_PATHS = (
               "$(inherited)"
            );
            INFOPLIST_FILE = "K5KTool.xcodeproj/K5KToolCore_Info.plist";
            LD_RUNPATH_SEARCH_PATHS = (
               "$(inherited)",
               "$(TOOLCHAIN_DIR)/usr/lib/swift/macosx"
            );
            OTHER_CFLAGS = (
               "$(inherited)"
            );
            OTHER_LDFLAGS = (
               "$(inherited)"
            );
            OTHER_SWIFT_FLAGS = (
               "$(inherited)"
            );
            PRODUCT_BUNDLE_IDENTIFIER = "K5KToolCore";
            PRODUCT_MODULE_NAME = "$(TARGET_NAME:c99extidentifier)";
            PRODUCT_NAME = "$(TARGET_NAME:c99extidentifier)";
            SKIP_INSTALL = "YES";
            SWIFT_ACTIVE_COMPILATION_CONDITIONS = (
               "$(inherited)"
            );
            SWIFT_VERSION = "4.2";
            TARGET_NAME = "K5KToolCore";
         };
         name = "Release";
      };
      "OBJ_55" = {
         isa = "PBXSourcesBuildPhase";
         files = (
            "OBJ_56"
         );
      };
      "OBJ_56" = {
         isa = "PBXBuildFile";
         fileRef = "OBJ_9";
      };
      "OBJ_57" = {
         isa = "PBXFrameworksBuildPhase";
         files = (
            "OBJ_58"
         );
      };
      "OBJ_58" = {
         isa = "PBXBuildFile";
         fileRef = "Files::Files::Product";
      };
      "OBJ_59" = {
         isa = "PBXTargetDependency";
         target = "Files::Files";
      };
      "OBJ_6" = {
         isa = "PBXFileReference";
         explicitFileType = "sourcecode.swift";
         path = "Package.swift";
         sourceTree = "<group>";
      };
      "OBJ_61" = {
         isa = "XCConfigurationList";
         buildConfigurations = (
            "OBJ_62",
            "OBJ_63"
         );
         defaultConfigurationIsVisible = "0";
         defaultConfigurationName = "Release";
      };
      "OBJ_62" = {
         isa = "XCBuildConfiguration";
         buildSettings = {
            LD = "/usr/bin/true";
            OTHER_SWIFT_FLAGS = (
               "-swift-version",
               "4.2",
               "-I",
               "$(TOOLCHAIN_DIR)/usr/lib/swift/pm/4_2",
               "-target",
               "x86_64-apple-macosx10.10",
               "-sdk",
               "/Applications/Xcode.app/Contents/Developer/Platforms/MacOSX.platform/Developer/SDKs/MacOSX10.14.sdk"
            );
            SWIFT_VERSION = "4.2";
         };
         name = "Debug";
      };
      "OBJ_63" = {
         isa = "XCBuildConfiguration";
         buildSettings = {
            LD = "/usr/bin/true";
            OTHER_SWIFT_FLAGS = (
               "-swift-version",
               "4.2",
               "-I",
               "$(TOOLCHAIN_DIR)/usr/lib/swift/pm/4_2",
               "-target",
               "x86_64-apple-macosx10.10",
               "-sdk",
               "/Applications/Xcode.app/Contents/Developer/Platforms/MacOSX.platform/Developer/SDKs/MacOSX10.14.sdk"
            );
            SWIFT_VERSION = "4.2";
         };
         name = "Release";
      };
      "OBJ_64" = {
         isa = "PBXSourcesBuildPhase";
         files = (
            "OBJ_65"
         );
      };
      "OBJ_65" = {
         isa = "PBXBuildFile";
         fileRef = "OBJ_6";
      };
      "OBJ_67" = {
         isa = "XCConfigurationList";
         buildConfigurations = (
            "OBJ_68",
            "OBJ_69"
         );
         defaultConfigurationIsVisible = "0";
         defaultConfigurationName = "Release";
      };
      "OBJ_68" = {
         isa = "XCBuildConfiguration";
         buildSettings = {
         };
         name = "Debug";
      };
      "OBJ_69" = {
         isa = "XCBuildConfiguration";
         buildSettings = {
         };
         name = "Release";
      };
      "OBJ_7" = {
         isa = "PBXGroup";
         children = (
            "OBJ_8",
            "OBJ_10"
         );
         name = "Sources";
         path = "";
         sourceTree = "SOURCE_ROOT";
      };
      "OBJ_70" = {
         isa = "PBXTargetDependency";
         target = "K5KTool::K5KToolTests";
      };
      "OBJ_72" = {
         isa = "XCConfigurationList";
         buildConfigurations = (
            "OBJ_73",
            "OBJ_74"
         );
         defaultConfigurationIsVisible = "0";
         defaultConfigurationName = "Release";
      };
      "OBJ_73" = {
         isa = "XCBuildConfiguration";
         buildSettings = {
            CLANG_ENABLE_MODULES = "YES";
            EMBEDDED_CONTENT_CONTAINS_SWIFT = "YES";
            FRAMEWORK_SEARCH_PATHS = (
               "$(inherited)",
               "$(PLATFORM_DIR)/Developer/Library/Frameworks"
            );
            HEADER_SEARCH_PATHS = (
               "$(inherited)"
            );
            INFOPLIST_FILE = "K5KTool.xcodeproj/K5KToolTests_Info.plist";
            LD_RUNPATH_SEARCH_PATHS = (
               "$(inherited)",
               "@loader_path/../Frameworks",
               "@loader_path/Frameworks"
            );
            OTHER_CFLAGS = (
               "$(inherited)"
            );
            OTHER_LDFLAGS = (
               "$(inherited)"
            );
            OTHER_SWIFT_FLAGS = (
               "$(inherited)"
            );
            SWIFT_ACTIVE_COMPILATION_CONDITIONS = (
               "$(inherited)"
            );
            SWIFT_VERSION = "4.2";
            TARGET_NAME = "K5KToolTests";
         };
         name = "Debug";
      };
      "OBJ_74" = {
         isa = "XCBuildConfiguration";
         buildSettings = {
            CLANG_ENABLE_MODULES = "YES";
            EMBEDDED_CONTENT_CONTAINS_SWIFT = "YES";
            FRAMEWORK_SEARCH_PATHS = (
               "$(inherited)",
               "$(PLATFORM_DIR)/Developer/Library/Frameworks"
            );
            HEADER_SEARCH_PATHS = (
               "$(inherited)"
            );
            INFOPLIST_FILE = "K5KTool.xcodeproj/K5KToolTests_Info.plist";
            LD_RUNPATH_SEARCH_PATHS = (
               "$(inherited)",
               "@loader_path/../Frameworks",
               "@loader_path/Frameworks"
            );
            OTHER_CFLAGS = (
               "$(inherited)"
            );
            OTHER_LDFLAGS = (
               "$(inherited)"
            );
            OTHER_SWIFT_FLAGS = (
               "$(inherited)"
            );
            SWIFT_ACTIVE_COMPILATION_CONDITIONS = (
               "$(inherited)"
            );
            SWIFT_VERSION = "4.2";
            TARGET_NAME = "K5KToolTests";
         };
         name = "Release";
      };
      "OBJ_75" = {
         isa = "PBXSourcesBuildPhase";
         files = (
            "OBJ_76",
            "OBJ_77"
         );
      };
      "OBJ_76" = {
         isa = "PBXBuildFile";
         fileRef = "OBJ_14";
      };
      "OBJ_77" = {
         isa = "PBXBuildFile";
         fileRef = "OBJ_15";
      };
      "OBJ_78" = {
         isa = "PBXFrameworksBuildPhase";
         files = (
            "OBJ_79",
            "OBJ_80"
         );
      };
      "OBJ_79" = {
         isa = "PBXBuildFile";
         fileRef = "K5KTool::K5KToolCore::Product";
      };
      "OBJ_8" = {
         isa = "PBXGroup";
         children = (
            "OBJ_9"
         );
         name = "K5KToolCore";
         path = "Sources/K5KToolCore";
         sourceTree = "SOURCE_ROOT";
      };
      "OBJ_80" = {
         isa = "PBXBuildFile";
         fileRef = "Files::Files::Product";
      };
      "OBJ_81" = {
         isa = "PBXTargetDependency";
         target = "K5KTool::K5KToolCore";
      };
      "OBJ_82" = {
         isa = "PBXTargetDependency";
         target = "Files::Files";
      };
      "OBJ_9" = {
         isa = "PBXFileReference";
         path = "K5KTool.swift";
         sourceTree = "<group>";
      };
   };
   rootObject = "OBJ_1";
}
